
Microsoft Visual Studio Solution File, Format Version 12.00
# Visual Studio Version 17
VisualStudioVersion = 17.2.32505.173
MinimumVisualStudioVersion = 10.0.40219.1
Project("{FAE04EC0-301F-11D3-BF4B-00C04F79EFBC}") = "djalma.ecercicio4", "djalma.ecercicio4\djalma.ecercicio4.csproj", "{59F38709-796D-4A62-8C20-9DAB3ADDF122}"
EndProject
Global
	GlobalSection(SolutionConfigurationPlatforms) = preSolution
		Debug|Any CPU = Debug|Any CPU
		Release|Any CPU = Release|Any CPU
	EndGlobalSection
	GlobalSection(ProjectConfigurationPlatforms) = postSolution
		{59F38709-796D-4A62-8C20-9DAB3ADDF122}.Debug|Any CPU.ActiveCfg = Debug|Any CPU
		{59F38709-796D-4A62-8C20-9DAB3ADDF122}.Debug|Any CPU.Build.0 = Debug|Any CPU
		{59F38709-796D-4A62-8C20-9DAB3ADDF122}.Release|Any CPU.ActiveCfg = Release|Any CPU
		{59F38709-796D-4A62-8C20-9DAB3ADDF122}.Release|Any CPU.Build.0 = Release|Any CPU
	EndGlobalSection
	GlobalSection(SolutionProperties) = preSolution
		HideSolutionNode = FALSE
	EndGlobalSection
	GlobalSection(ExtensibilityGlobals) = postSolution
		SolutionGuid = {660DE7CD-477B-4079-937F-5BC9F443A5DF}
	EndGlobalSection
EndGlobal
